
Microsoft Visual Studio Solution File, Format Version 12.00
# Visual Studio 15
VisualStudioVersion = 15.0.28307.757
MinimumVisualStudioVersion = 10.0.40219.1
Project("{FAE04EC0-301F-11D3-BF4B-00C04F79EFBC}") = "Backend", "Backend\Backend.csproj", "{78EB7D0B-FACD-4A03-9055-E97D6685CFCB}"
EndProject
Global
	GlobalSection(SolutionConfigurationPlatforms) = preSolution
		Debug|Any CPU = Debug|Any CPU
		Release|Any CPU = Release|Any CPU
	EndGlobalSection
	GlobalSection(ProjectConfigurationPlatforms) = postSolution
		{78EB7D0B-FACD-4A03-9055-E97D6685CFCB}.Debug|Any CPU.ActiveCfg = Debug|Any CPU
		{78EB7D0B-FACD-4A03-9055-E97D6685CFCB}.Debug|Any CPU.Build.0 = Debug|Any CPU
		{78EB7D0B-FACD-4A03-9055-E97D6685CFCB}.Release|Any CPU.ActiveCfg = Release|Any CPU
		{78EB7D0B-FACD-4A03-9055-E97D6685CFCB}.Release|Any CPU.Build.0 = Release|Any CPU
	EndGlobalSection
	GlobalSection(SolutionProperties) = preSolution
		HideSolutionNode = FALSE
	EndGlobalSection
	GlobalSection(ExtensibilityGlobals) = postSolution
		SolutionGuid = {B1E26795-B413-4BD4-8343-DD8475F2C2A0}
	EndGlobalSection
EndGlobal
